
Microsoft Visual Studio Solution File, Format Version 12.00
# Visual Studio Version 17
VisualStudioVersion = 17.0.31903.59
MinimumVisualStudioVersion = 10.0.40219.1
Project("{FAE04EC0-301F-11D3-BF4B-00C04F79EFBC}") = "Assignment_3_Api", "Assignment_3_Api\Assignment_3_Api.csproj", "{5938458B-7F5D-4DBE-9C4C-A9DEE5049775}"
EndProject
Global
	GlobalSection(SolutionConfigurationPlatforms) = preSolution
		Debug|Any CPU = Debug|Any CPU
		Release|Any CPU = Release|Any CPU
	EndGlobalSection
	GlobalSection(SolutionProperties) = preSolution
		HideSolutionNode = FALSE
	EndGlobalSection
	GlobalSection(ProjectConfigurationPlatforms) = postSolution
		{5938458B-7F5D-4DBE-9C4C-A9DEE5049775}.Debug|Any CPU.ActiveCfg = Debug|Any CPU
		{5938458B-7F5D-4DBE-9C4C-A9DEE5049775}.Debug|Any CPU.Build.0 = Debug|Any CPU
		{5938458B-7F5D-4DBE-9C4C-A9DEE5049775}.Release|Any CPU.ActiveCfg = Release|Any CPU
		{5938458B-7F5D-4DBE-9C4C-A9DEE5049775}.Release|Any CPU.Build.0 = Release|Any CPU
	EndGlobalSection
EndGlobal
